// !$*UTF8*$!
{
	archiveVersion = 1;
	classes = {
	};
	objectVersion = 56;
	objects = {

/* Begin PBXBuildFile section */
		4C7125372B8E111500617EB9 /* MySmartDisplayApp.swift in Sources */ = {isa = PBXBuildFile; fileRef = 4C7125362B8E111500617EB9 /* MySmartDisplayApp.swift */; };
		4C7125392B8E111500617EB9 /* ContentView.swift in Sources */ = {isa = PBXBuildFile; fileRef = 4C7125382B8E111500617EB9 /* ContentView.swift */; };
		4C71253B2B8E111600617EB9 /* Assets.xcassets in Resources */ = {isa = PBXBuildFile; fileRef = 4C71253A2B8E111600617EB9 /* Assets.xcassets */; };
		4C71253F2B8E111600617EB9 /* Preview Assets.xcassets in Resources */ = {isa = PBXBuildFile; fileRef = 4C71253E2B8E111600617EB9 /* Preview Assets.xcassets */; };
		4C7125492B8E111600617EB9 /* MySmartDisplayTests.swift in Sources */ = {isa = PBXBuildFile; fileRef = 4C7125482B8E111600617EB9 /* MySmartDisplayTests.swift */; };
		4C7125532B8E111600617EB9 /* MySmartDisplayUITests.swift in Sources */ = {isa = PBXBuildFile; fileRef = 4C7125522B8E111600617EB9 /* MySmartDisplayUITests.swift */; };
		4C7125552B8E111600617EB9 /* MySmartDisplayUITestsLaunchTests.swift in Sources */ = {isa = PBXBuildFile; fileRef = 4C7125542B8E111600617EB9 /* MySmartDisplayUITestsLaunchTests.swift */; };
		4CBAC0922BF39E14001F42B6 /* Launch Screen.storyboard in Resources */ = {isa = PBXBuildFile; fileRef = 4CBAC0912BF39E14001F42B6 /* Launch Screen.storyboard */; };
/* End PBXBuildFile section */

/* Begin PBXContainerItemProxy section */
		4C7125452B8E111600617EB9 /* PBXContainerItemProxy */ = {
			isa = PBXContainerItemProxy;
			containerPortal = 4C71252B2B8E111500617EB9 /* Project object */;
			proxyType = 1;
			remoteGlobalIDString = 4C7125322B8E111500617EB9;
			remoteInfo = MySmartDisplay;
		};
		4C71254F2B8E111600617EB9 /* PBXContainerItemProxy */ = {
			isa = PBXContainerItemProxy;
			containerPortal = 4C71252B2B8E111500617EB9 /* Project object */;
			proxyType = 1;
			remoteGlobalIDString = 4C7125322B8E111500617EB9;
			remoteInfo = MySmartDisplay;
		};
/* End PBXContainerItemProxy section */

/* Begin PBXFileReference section */
		4C7125332B8E111500617EB9 /* MySmartDisplay.app */ = {isa = PBXFileReference; explicitFileType = wrapper.application; includeInIndex = 0; path = MySmartDisplay.app; sourceTree = BUILT_PRODUCTS_DIR; };
		4C7125362B8E111500617EB9 /* MySmartDisplayApp.swift */ = {isa = PBXFileReference; lastKnownFileType = sourcecode.swift; path = MySmartDisplayApp.swift; sourceTree = "<group>"; };
		4C7125382B8E111500617EB9 /* ContentView.swift */ = {isa = PBXFileReference; lastKnownFileType = sourcecode.swift; path = ContentView.swift; sourceTree = "<group>"; };
		4C71253A2B8E111600617EB9 /* Assets.xcassets */ = {isa = PBXFileReference; lastKnownFileType = folder.assetcatalog; path = Assets.xcassets; sourceTree = "<group>"; };
		4C71253C2B8E111600617EB9 /* MySmartDisplay.entitlements */ = {isa = PBXFileReference; lastKnownFileType = text.plist.entitlements; path = MySmartDisplay.entitlements; sourceTree = "<group>"; };
		4C71253E2B8E111600617EB9 /* Preview Assets.xcassets */ = {isa = PBXFileReference; lastKnownFileType = folder.assetcatalog; path = "Preview Assets.xcassets"; sourceTree = "<group>"; };
		4C7125442B8E111600617EB9 /* MySmartDisplayTests.xctest */ = {isa = PBXFileReference; explicitFileType = wrapper.cfbundle; includeInIndex = 0; path = MySmartDisplayTests.xctest; sourceTree = BUILT_PRODUCTS_DIR; };
		4C7125482B8E111600617EB9 /* MySmartDisplayTests.swift */ = {isa = PBXFileReference; lastKnownFileType = sourcecode.swift; path = MySmartDisplayTests.swift; sourceTree = "<group>"; };
		4C71254E2B8E111600617EB9 /* MySmartDisplayUITests.xctest */ = {isa = PBXFileReference; explicitFileType = wrapper.cfbundle; includeInIndex = 0; path = MySmartDisplayUITests.xctest; sourceTree = BUILT_PRODUCTS_DIR; };
		4C7125522B8E111600617EB9 /* MySmartDisplayUITests.swift */ = {isa = PBXFileReference; lastKnownFileType = sourcecode.swift; path = MySmartDisplayUITests.swift; sourceTree = "<group>"; };
		4C7125542B8E111600617EB9 /* MySmartDisplayUITestsLaunchTests.swift */ = {isa = PBXFileReference; lastKnownFileType = sourcecode.swift; path = MySmartDisplayUITestsLaunchTests.swift; sourceTree = "<group>"; };
		4CBAC0912BF39E14001F42B6 /* Launch Screen.storyboard */ = {isa = PBXFileReference; lastKnownFileType = file.storyboard; path = "Launch Screen.storyboard"; sourceTree = "<group>"; };
/* End PBXFileReference section */

/* Begin PBXFrameworksBuildPhase section */
		4C7125302B8E111500617EB9 /* Frameworks */ = {
			isa = PBXFrameworksBuildPhase;
			buildActionMask = 2147483647;
			files = (
			);
			runOnlyForDeploymentPostprocessing = 0;
		};
		4C7125412B8E111600617EB9 /* Frameworks */ = {
			isa = PBXFrameworksBuildPhase;
			buildActionMask = 2147483647;
			files = (
			);
			runOnlyForDeploymentPostprocessing = 0;
		};
		4C71254B2B8E111600617EB9 /* Frameworks */ = {
			isa = PBXFrameworksBuildPhase;
			buildActionMask = 2147483647;
			files = (
			);
			runOnlyForDeploymentPostprocessing = 0;
		};
/* End PBXFrameworksBuildPhase section */

/* Begin PBXGroup section */
		4C71252A2B8E111500617EB9 = {
			isa = PBXGroup;
			children = (
				4C7125352B8E111500617EB9 /* MySmartDisplay */,
				4C7125472B8E111600617EB9 /* MySmartDisplayTests */,
				4C7125512B8E111600617EB9 /* MySmartDisplayUITests */,
				4C7125342B8E111500617EB9 /* Products */,
			);
			sourceTree = "<group>";
		};
		4C7125342B8E111500617EB9 /* Products */ = {
			isa = PBXGroup;
			children = (
				4C7125332B8E111500617EB9 /* MySmartDisplay.app */,
				4C7125442B8E111600617EB9 /* MySmartDisplayTests.xctest */,
				4C71254E2B8E111600617EB9 /* MySmartDisplayUITests.xctest */,
			);
			name = Products;
			sourceTree = "<group>";
		};
		4C7125352B8E111500617EB9 /* MySmartDisplay */ = {
			isa = PBXGroup;
			children = (
				4C7125362B8E111500617EB9 /* MySmartDisplayApp.swift */,
				4C7125382B8E111500617EB9 /* ContentView.swift */,
				4C71253A2B8E111600617EB9 /* Assets.xcassets */,
				4C71253C2B8E111600617EB9 /* MySmartDisplay.entitlements */,
				4C71253D2B8E111600617EB9 /* Preview Content */,
				4CBAC0912BF39E14001F42B6 /* Launch Screen.storyboard */,
			);
			path = MySmartDisplay;
			sourceTree = "<group>";
		};
		4C71253D2B8E111600617EB9 /* Preview Content */ = {
			isa = PBXGroup;
			children = (
				4C71253E2B8E111600617EB9 /* Preview Assets.xcassets */,
			);
			path = "Preview Content";
			sourceTree = "<group>";
		};
		4C7125472B8E111600617EB9 /* MySmartDisplayTests */ = {
			isa = PBXGroup;
			children = (
				4C7125482B8E111600617EB9 /* MySmartDisplayTests.swift */,
			);
			path = MySmartDisplayTests;
			sourceTree = "<group>";
		};
		4C7125512B8E111600617EB9 /* MySmartDisplayUITests */ = {
			isa = PBXGroup;
			children = (
				4C7125522B8E111600617EB9 /* MySmartDisplayUITests.swift */,
				4C7125542B8E111600617EB9 /* MySmartDisplayUITestsLaunchTests.swift */,
			);
			path = MySmartDisplayUITests;
			sourceTree = "<group>";
		};
/* End PBXGroup section */

/* Begin PBXNativeTarget section */
		4C7125322B8E111500617EB9 /* MySmartDisplay */ = {
			isa = PBXNativeTarget;
			buildConfigurationList = 4C7125582B8E111600617EB9 /* Build configuration list for PBXNativeTarget "MySmartDisplay" */;
			buildPhases = (
				4C71252F2B8E111500617EB9 /* Sources */,
				4C7125302B8E111500617EB9 /* Frameworks */,
				4C7125312B8E111500617EB9 /* Resources */,
			);
			buildRules = (
			);
			dependencies = (
			);
			name = MySmartDisplay;
			productName = MySmartDisplay;
			productReference = 4C7125332B8E111500617EB9 /* MySmartDisplay.app */;
			productType = "com.apple.product-type.application";
		};
		4C7125432B8E111600617EB9 /* MySmartDisplayTests */ = {
			isa = PBXNativeTarget;
			buildConfigurationList = 4C71255B2B8E111600617EB9 /* Build configuration list for PBXNativeTarget "MySmartDisplayTests" */;
			buildPhases = (
				4C7125402B8E111600617EB9 /* Sources */,
				4C7125412B8E111600617EB9 /* Frameworks */,
				4C7125422B8E111600617EB9 /* Resources */,
			);
			buildRules = (
			);
			dependencies = (
				4C7125462B8E111600617EB9 /* PBXTargetDependency */,
			);
			name = MySmartDisplayTests;
			productName = MySmartDisplayTests;
			productReference = 4C7125442B8E111600617EB9 /* MySmartDisplayTests.xctest */;
			productType = "com.apple.product-type.bundle.unit-test";
		};
		4C71254D2B8E111600617EB9 /* MySmartDisplayUITests */ = {
			isa = PBXNativeTarget;
			buildConfigurationList = 4C71255E2B8E111600617EB9 /* Build configuration list for PBXNativeTarget "MySmartDisplayUITests" */;
			buildPhases = (
				4C71254A2B8E111600617EB9 /* Sources */,
				4C71254B2B8E111600617EB9 /* Frameworks */,
				4C71254C2B8E111600617EB9 /* Resources */,
			);
			buildRules = (
			);
			dependencies = (
				4C7125502B8E111600617EB9 /* PBXTargetDependency */,
			);
			name = MySmartDisplayUITests;
			productName = MySmartDisplayUITests;
			productReference = 4C71254E2B8E111600617EB9 /* MySmartDisplayUITests.xctest */;
			productType = "com.apple.product-type.bundle.ui-testing";
		};
/* End PBXNativeTarget section */

/* Begin PBXProject section */
		4C71252B2B8E111500617EB9 /* Project object */ = {
			isa = PBXProject;
			attributes = {
				BuildIndependentTargetsInParallel = 1;
				LastSwiftUpdateCheck = 1520;
				LastUpgradeCheck = 1520;
				TargetAttributes = {
					4C7125322B8E111500617EB9 = {
						CreatedOnToolsVersion = 15.2;
					};
					4C7125432B8E111600617EB9 = {
						CreatedOnToolsVersion = 15.2;
						TestTargetID = 4C7125322B8E111500617EB9;
					};
					4C71254D2B8E111600617EB9 = {
						CreatedOnToolsVersion = 15.2;
						TestTargetID = 4C7125322B8E111500617EB9;
					};
				};
			};
			buildConfigurationList = 4C71252E2B8E111500617EB9 /* Build configuration list for PBXProject "MySmartDisplay" */;
			compatibilityVersion = "Xcode 14.0";
			developmentRegion = en;
			hasScannedForEncodings = 0;
			knownRegions = (
				en,
				Base,
			);
			mainGroup = 4C71252A2B8E111500617EB9;
			productRefGroup = 4C7125342B8E111500617EB9 /* Products */;
			projectDirPath = "";
			projectRoot = "";
			targets = (
				4C7125322B8E111500617EB9 /* MySmartDisplay */,
				4C7125432B8E111600617EB9 /* MySmartDisplayTests */,
				4C71254D2B8E111600617EB9 /* MySmartDisplayUITests */,
			);
		};
/* End PBXProject section */

/* Begin PBXResourcesBuildPhase section */
		4C7125312B8E111500617EB9 /* Resources */ = {
			isa = PBXResourcesBuildPhase;
			buildActionMask = 2147483647;
			files = (
				4CBAC0922BF39E14001F42B6 /* Launch Screen.storyboard in Resources */,
				4C71253F2B8E111600617EB9 /* Preview Assets.xcassets in Resources */,
				4C71253B2B8E111600617EB9 /* Assets.xcassets in Resources */,
			);
			runOnlyForDeploymentPostprocessing = 0;
		};
		4C7125422B8E111600617EB9 /* Resources */ = {
			isa = PBXResourcesBuildPhase;
			buildActionMask = 2147483647;
			files = (
			);
			runOnlyForDeploymentPostprocessing = 0;
		};
		4C71254C2B8E111600617EB9 /* Resources */ = {
			isa = PBXResourcesBuildPhase;
			buildActionMask = 2147483647;
			files = (
			);
			runOnlyForDeploymentPostprocessing = 0;
		};
/* End PBXResourcesBuildPhase section */

/* Begin PBXSourcesBuildPhase section */
		4C71252F2B8E111500617EB9 /* Sources */ = {
			isa = PBXSourcesBuildPhase;
			buildActionMask = 2147483647;
			files = (
				4C7125392B8E111500617EB9 /* ContentView.swift in Sources */,
				4C7125372B8E111500617EB9 /* MySmartDisplayApp.swift in Sources */,
			);
			runOnlyForDeploymentPostprocessing = 0;
		};
		4C7125402B8E111600617EB9 /* Sources */ = {
			isa = PBXSourcesBuildPhase;
			buildActionMask = 2147483647;
			files = (
				4C7125492B8E111600617EB9 /* MySmartDisplayTests.swift in Sources */,
			);
			runOnlyForDeploymentPostprocessing = 0;
		};
		4C71254A2B8E111600617EB9 /* Sources */ = {
			isa = PBXSourcesBuildPhase;
			buildActionMask = 2147483647;
			files = (
				4C7125532B8E111600617EB9 /* MySmartDisplayUITests.swift in Sources */,
				4C7125552B8E111600617EB9 /* MySmartDisplayUITestsLaunchTests.swift in Sources */,
			);
			runOnlyForDeploymentPostprocessing = 0;
		};
/* End PBXSourcesBuildPhase section */

/* Begin PBXTargetDependency section */
		4C7125462B8E111600617EB9 /* PBXTargetDependency */ = {
			isa = PBXTargetDependency;
			target = 4C7125322B8E111500617EB9 /* MySmartDisplay */;
			targetProxy = 4C7125452B8E111600617EB9 /* PBXContainerItemProxy */;
		};
		4C7125502B8E111600617EB9 /* PBXTargetDependency */ = {
			isa = PBXTargetDependency;
			target = 4C7125322B8E111500617EB9 /* MySmartDisplay */;
			targetProxy = 4C71254F2B8E111600617EB9 /* PBXContainerItemProxy */;
		};
/* End PBXTargetDependency section */

/* Begin XCBuildConfiguration section */
		4C7125562B8E111600617EB9 /* Debug */ = {
			isa = XCBuildConfiguration;
			buildSettings = {
				ALWAYS_SEARCH_USER_PATHS = NO;
				ASSETCATALOG_COMPILER_GENERATE_SWIFT_ASSET_SYMBOL_EXTENSIONS = YES;
				CLANG_ANALYZER_NONNULL = YES;
				CLANG_ANALYZER_NUMBER_OBJECT_CONVERSION = YES_AGGRESSIVE;
				CLANG_CXX_LANGUAGE_STANDARD = "gnu++20";
				CLANG_ENABLE_MODULES = YES;
				CLANG_ENABLE_OBJC_ARC = YES;
				CLANG_ENABLE_OBJC_WEAK = YES;
				CLANG_WARN_BLOCK_CAPTURE_AUTORELEASING = YES;
				CLANG_WARN_BOOL_CONVERSION = YES;
				CLANG_WARN_COMMA = YES;
				CLANG_WARN_CONSTANT_CONVERSION = YES;
				CLANG_WARN_DEPRECATED_OBJC_IMPLEMENTATIONS = YES;
				CLANG_WARN_DIRECT_OBJC_ISA_USAGE = YES_ERROR;
				CLANG_WARN_DOCUMENTATION_COMMENTS = YES;
				CLANG_WARN_EMPTY_BODY = YES;
				CLANG_WARN_ENUM_CONVERSION = YES;
				CLANG_WARN_INFINITE_RECURSION = YES;
				CLANG_WARN_INT_CONVERSION = YES;
				CLANG_WARN_NON_LITERAL_NULL_CONVERSION = YES;
				CLANG_WARN_OBJC_IMPLICIT_RETAIN_SELF = YES;
				CLANG_WARN_OBJC_LITERAL_CONVERSION = YES;
				CLANG_WARN_OBJC_ROOT_CLASS = YES_ERROR;
				CLANG_WARN_QUOTED_INCLUDE_IN_FRAMEWORK_HEADER = YES;
				CLANG_WARN_RANGE_LOOP_ANALYSIS = YES;
				CLANG_WARN_STRICT_PROTOTYPES = YES;
				CLANG_WARN_SUSPICIOUS_MOVE = YES;
				CLANG_WARN_UNGUARDED_AVAILABILITY = YES_AGGRESSIVE;
				CLANG_WARN_UNREACHABLE_CODE = YES;
				CLANG_WARN__DUPLICATE_METHOD_MATCH = YES;
				COPY_PHASE_STRIP = NO;
				DEBUG_INFORMATION_FORMAT = dwarf;
				ENABLE_STRICT_OBJC_MSGSEND = YES;
				ENABLE_TESTABILITY = YES;
				ENABLE_USER_SCRIPT_SANDBOXING = YES;
				GCC_C_LANGUAGE_STANDARD = gnu17;
				GCC_DYNAMIC_NO_PIC = NO;
				GCC_NO_COMMON_BLOCKS = YES;
				GCC_OPTIMIZATION_LEVEL = 0;
				GCC_PREPROCESSOR_DEFINITIONS = (
					"DEBUG=1",
					"$(inherited)",
				);
				GCC_WARN_64_TO_32_BIT_CONVERSION = YES;
				GCC_WARN_ABOUT_RETURN_TYPE = YES_ERROR;
				GCC_WARN_UNDECLARED_SELECTOR = YES;
				GCC_WARN_UNINITIALIZED_AUTOS = YES_AGGRESSIVE;
				GCC_WARN_UNUSED_FUNCTION = YES;
				GCC_WARN_UNUSED_VARIABLE = YES;
				LOCALIZATION_PREFERS_STRING_CATALOGS = YES;
				MTL_ENABLE_DEBUG_INFO = INCLUDE_SOURCE;
				MTL_FAST_MATH = YES;
				ONLY_ACTIVE_ARCH = YES;
				SWIFT_ACTIVE_COMPILATION_CONDITIONS = "DEBUG $(inherited)";
				SWIFT_OPTIMIZATION_LEVEL = "-Onone";
			};
			name = Debug;
		};
		4C7125572B8E111600617EB9 /* Release */ = {
			isa = XCBuildConfiguration;
			buildSettings = {
				ALWAYS_SEARCH_USER_PATHS = NO;
				ASSETCATALOG_COMPILER_GENERATE_SWIFT_ASSET_SYMBOL_EXTENSIONS = YES;
				CLANG_ANALYZER_NONNULL = YES;
				CLANG_ANALYZER_NUMBER_OBJECT_CONVERSION = YES_AGGRESSIVE;
				CLANG_CXX_LANGUAGE_STANDARD = "gnu++20";
				CLANG_ENABLE_MODULES = YES;
				CLANG_ENABLE_OBJC_ARC = YES;
				CLANG_ENABLE_OBJC_WEAK = YES;
				CLANG_WARN_BLOCK_CAPTURE_AUTORELEASING = YES;
				CLANG_WARN_BOOL_CONVERSION = YES;
				CLANG_WARN_COMMA = YES;
				CLANG_WARN_CONSTANT_CONVERSION = YES;
				CLANG_WARN_DEPRECATED_OBJC_IMPLEMENTATIONS = YES;
				CLANG_WARN_DIRECT_OBJC_ISA_USAGE = YES_ERROR;
				CLANG_WARN_DOCUMENTATION_COMMENTS = YES;
				CLANG_WARN_EMPTY_BODY = YES;
				CLANG_WARN_ENUM_CONVERSION = YES;
				CLANG_WARN_INFINITE_RECURSION = YES;
				CLANG_WARN_INT_CONVERSION = YES;
				CLANG_WARN_NON_LITERAL_NULL_CONVERSION = YES;
				CLANG_WARN_OBJC_IMPLICIT_RETAIN_SELF = YES;
				CLANG_WARN_OBJC_LITERAL_CONVERSION = YES;
				CLANG_WARN_OBJC_ROOT_CLASS = YES_ERROR;
				CLANG_WARN_QUOTED_INCLUDE_IN_FRAMEWORK_HEADER = YES;
				CLANG_WARN_RANGE_LOOP_ANALYSIS = YES;
				CLANG_WARN_STRICT_PROTOTYPES = YES;
				CLANG_WARN_SUSPICIOUS_MOVE = YES;
				CLANG_WARN_UNGUARDED_AVAILABILITY = YES_AGGRESSIVE;
				CLANG_WARN_UNREACHABLE_CODE = YES;
				CLANG_WARN__DUPLICATE_METHOD_MATCH = YES;
				COPY_PHASE_STRIP = NO;
				DEBUG_INFORMATION_FORMAT = "dwarf-with-dsym";
				ENABLE_NS_ASSERTIONS = NO;
				ENABLE_STRICT_OBJC_MSGSEND = YES;
				ENABLE_USER_SCRIPT_SANDBOXING = YES;
				GCC_C_LANGUAGE_STANDARD = gnu17;
				GCC_NO_COMMON_BLOCKS = YES;
				GCC_WARN_64_TO_32_BIT_CONVERSION = YES;
				GCC_WARN_ABOUT_RETURN_TYPE = YES_ERROR;
				GCC_WARN_UNDECLARED_SELECTOR = YES;
				GCC_WARN_UNINITIALIZED_AUTOS = YES_AGGRESSIVE;
				GCC_WARN_UNUSED_FUNCTION = YES;
				GCC_WARN_UNUSED_VARIABLE = YES;
				LOCALIZATION_PREFERS_STRING_CATALOGS = YES;
				MTL_ENABLE_DEBUG_INFO = NO;
				MTL_FAST_MATH = YES;
				SWIFT_COMPILATION_MODE = wholemodule;
			};
			name = Release;
		};
		4C7125592B8E111600617EB9 /* Debug */ = {
			isa = XCBuildConfiguration;
			buildSettings = {
				ASSETCATALOG_COMPILER_APPICON_NAME = AppIcon;
				ASSETCATALOG_COMPILER_GLOBAL_ACCENT_COLOR_NAME = AccentColor;
				CODE_SIGN_ENTITLEMENTS = MySmartDisplay/MySmartDisplay.entitlements;
				CODE_SIGN_STYLE = Automatic;
				CURRENT_PROJECT_VERSION = 3;
				DEVELOPMENT_ASSET_PATHS = "\"MySmartDisplay/Preview Content\"";
				DEVELOPMENT_TEAM = 99Q76NH34C;
				ENABLE_HARDENED_RUNTIME = YES;
				ENABLE_PREVIEWS = YES;
				GENERATE_INFOPLIST_FILE = YES;
				INFOPLIST_KEY_NSBluetoothAlwaysUsageDescription = "This app uses Bluetooth to connect to the MySmartDisplay.";
				INFOPLIST_KEY_NSBluetoothPeripheralUsageDescription = "This app uses Bluetooth to connect to the MySmartDisplay.";
				"INFOPLIST_KEY_UIApplicationSceneManifest_Generation[sdk=iphoneos*]" = YES;
				"INFOPLIST_KEY_UIApplicationSceneManifest_Generation[sdk=iphonesimulator*]" = YES;
				"INFOPLIST_KEY_UIApplicationSupportsIndirectInputEvents[sdk=iphoneos*]" = YES;
				"INFOPLIST_KEY_UIApplicationSupportsIndirectInputEvents[sdk=iphonesimulator*]" = YES;
				"INFOPLIST_KEY_UILaunchScreen_Generation[sdk=iphoneos*]" = YES;
				"INFOPLIST_KEY_UILaunchScreen_Generation[sdk=iphonesimulator*]" = YES;
				INFOPLIST_KEY_UILaunchStoryboardName = "Launch Screen.storyboard";
				"INFOPLIST_KEY_UIStatusBarStyle[sdk=iphoneos*]" = UIStatusBarStyleDefault;
				"INFOPLIST_KEY_UIStatusBarStyle[sdk=iphonesimulator*]" = UIStatusBarStyleDefault;
				INFOPLIST_KEY_UISupportedInterfaceOrientations_iPad = "UIInterfaceOrientationPortrait UIInterfaceOrientationPortraitUpsideDown UIInterfaceOrientationLandscapeLeft UIInterfaceOrientationLandscapeRight";
				INFOPLIST_KEY_UISupportedInterfaceOrientations_iPhone = "UIInterfaceOrientationPortrait UIInterfaceOrientationLandscapeLeft UIInterfaceOrientationLandscapeRight";
				IPHONEOS_DEPLOYMENT_TARGET = 17.0;
				LD_RUNPATH_SEARCH_PATHS = "@executable_path/Frameworks";
				"LD_RUNPATH_SEARCH_PATHS[sdk=macosx*]" = "@executable_path/../Frameworks";
				MARKETING_VERSION = 1.0;
				PRODUCT_BUNDLE_IDENTIFIER = com.htlklu.mysmartdisplay;
				PRODUCT_NAME = "$(TARGET_NAME)";
				SDKROOT = auto;
				SUPPORTED_PLATFORMS = "iphoneos iphonesimulator";
				SUPPORTS_MACCATALYST = NO;
				SWIFT_EMIT_LOC_STRINGS = YES;
				SWIFT_VERSION = 5.0;
				TARGETED_DEVICE_FAMILY = "1,2";
			};
			name = Debug;
		};
		4C71255A2B8E111600617EB9 /* Release */ = {
			isa = XCBuildConfiguration;
			buildSettings = {
				ASSETCATALOG_COMPILER_APPICON_NAME = AppIcon;
				ASSETCATALOG_COMPILER_GLOBAL_ACCENT_COLOR_NAME = AccentColor;
				CODE_SIGN_ENTITLEMENTS = MySmartDisplay/MySmartDisplay.entitlements;
				CODE_SIGN_STYLE = Automatic;
				CURRENT_PROJECT_VERSION = 3;
				DEVELOPMENT_ASSET_PATHS = "\"MySmartDisplay/Preview Content\"";
				DEVELOPMENT_TEAM = 99Q76NH34C;
				ENABLE_HARDENED_RUNTIME = YES;
				ENABLE_PREVIEWS = YES;
				GENERATE_INFOPLIST_FILE = YES;
				INFOPLIST_KEY_NSBluetoothAlwaysUsageDescription = "This app uses Bluetooth to connect to the MySmartDisplay.";
				INFOPLIST_KEY_NSBluetoothPeripheralUsageDescription = "This app uses Bluetooth to connect to the MySmartDisplay.";
				"INFOPLIST_KEY_UIApplicationSceneManifest_Generation[sdk=iphoneos*]" = YES;
				"INFOPLIST_KEY_UIApplicationSceneManifest_Generation[sdk=iphonesimulator*]" = YES;
				"INFOPLIST_KEY_UIApplicationSupportsIndirectInputEvents[sdk=iphoneos*]" = YES;
				"INFOPLIST_KEY_UIApplicationSupportsIndirectInputEvents[sdk=iphonesimulator*]" = YES;
				"INFOPLIST_KEY_UILaunchScreen_Generation[sdk=iphoneos*]" = YES;
				"INFOPLIST_KEY_UILaunchScreen_Generation[sdk=iphonesimulator*]" = YES;
				INFOPLIST_KEY_UILaunchStoryboardName = "Launch Screen.storyboard";
				"INFOPLIST_KEY_UIStatusBarStyle[sdk=iphoneos*]" = UIStatusBarStyleDefault;
				"INFOPLIST_KEY_UIStatusBarStyle[sdk=iphonesimulator*]" = UIStatusBarStyleDefault;
				INFOPLIST_KEY_UISupportedInterfaceOrientations_iPad = "UIInterfaceOrientationPortrait UIInterfaceOrientationPortraitUpsideDown UIInterfaceOrientationLandscapeLeft UIInterfaceOrientationLandscapeRight";
				INFOPLIST_KEY_UISupportedInterfaceOrientations_iPhone = "UIInterfaceOrientationPortrait UIInterfaceOrientationLandscapeLeft UIInterfaceOrientationLandscapeRight";
				IPHONEOS_DEPLOYMENT_TARGET = 17.0;
				LD_RUNPATH_SEARCH_PATHS = "@executable_path/Frameworks";
				"LD_RUNPATH_SEARCH_PATHS[sdk=macosx*]" = "@executable_path/../Frameworks";
				MARKETING_VERSION = 1.0;
				PRODUCT_BUNDLE_IDENTIFIER = com.htlklu.mysmartdisplay;
				PRODUCT_NAME = "$(TARGET_NAME)";
				SDKROOT = auto;
				SUPPORTED_PLATFORMS = "iphoneos iphonesimulator";
				SUPPORTS_MACCATALYST = NO;
				SWIFT_EMIT_LOC_STRINGS = YES;
				SWIFT_VERSION = 5.0;
				TARGETED_DEVICE_FAMILY = "1,2";
			};
			name = Release;
		};
		4C71255C2B8E111600617EB9 /* Debug */ = {
			isa = XCBuildConfiguration;
			buildSettings = {
				ALWAYS_EMBED_SWIFT_STANDARD_LIBRARIES = YES;
				BUNDLE_LOADER = "$(TEST_HOST)";
				CODE_SIGN_STYLE = Automatic;
				CURRENT_PROJECT_VERSION = 1;
				DEVELOPMENT_TEAM = WC7VL6XTP2;
				GENERATE_INFOPLIST_FILE = YES;
				INFOPLIST_KEY_UIUserInterfaceStyle = Light;
				IPHONEOS_DEPLOYMENT_TARGET = 17.2;
				MACOSX_DEPLOYMENT_TARGET = 14.2;
				MARKETING_VERSION = 1.0;
				PRODUCT_BUNDLE_IDENTIFIER = com.themcraft.MySmartDisplayTests;
				PRODUCT_NAME = "$(TARGET_NAME)";
				SDKROOT = auto;
				SUPPORTED_PLATFORMS = "iphoneos iphonesimulator";
				SUPPORTS_MACCATALYST = NO;
				SWIFT_EMIT_LOC_STRINGS = NO;
				SWIFT_VERSION = 5.0;
				TARGETED_DEVICE_FAMILY = "1,2";
				TEST_HOST = "$(BUILT_PRODUCTS_DIR)/MySmartDisplay.app/$(BUNDLE_EXECUTABLE_FOLDER_PATH)/MySmartDisplay";
			};
			name = Debug;
		};
		4C71255D2B8E111600617EB9 /* Release */ = {
			isa = XCBuildConfiguration;
			buildSettings = {
				ALWAYS_EMBED_SWIFT_STANDARD_LIBRARIES = YES;
				BUNDLE_LOADER = "$(TEST_HOST)";
				CODE_SIGN_STYLE = Automatic;
				CURRENT_PROJECT_VERSION = 1;
				DEVELOPMENT_TEAM = WC7VL6XTP2;
				GENERATE_INFOPLIST_FILE = YES;
				INFOPLIST_KEY_UIUserInterfaceStyle = Light;
				IPHONEOS_DEPLOYMENT_TARGET = 17.2;
				MACOSX_DEPLOYMENT_TARGET = 14.2;
				MARKETING_VERSION = 1.0;
				PRODUCT_BUNDLE_IDENTIFIER = com.themcraft.MySmartDisplayTests;
				PRODUCT_NAME = "$(TARGET_NAME)";
				SDKROOT = auto;
				SUPPORTED_PLATFORMS = "iphoneos iphonesimulator";
				SUPPORTS_MACCATALYST = NO;
				SWIFT_EMIT_LOC_STRINGS = NO;
				SWIFT_VERSION = 5.0;
				TARGETED_DEVICE_FAMILY = "1,2";
				TEST_HOST = "$(BUILT_PRODUCTS_DIR)/MySmartDisplay.app/$(BUNDLE_EXECUTABLE_FOLDER_PATH)/MySmartDisplay";
			};
			name = Release;
		};
		4C71255F2B8E111600617EB9 /* Debug */ = {
			isa = XCBuildConfiguration;
			buildSettings = {
				ALWAYS_EMBED_SWIFT_STANDARD_LIBRARIES = YES;
				CODE_SIGN_STYLE = Automatic;
				CURRENT_PROJECT_VERSION = 1;
				DEVELOPMENT_TEAM = WC7VL6XTP2;
				GENERATE_INFOPLIST_FILE = YES;
				IPHONEOS_DEPLOYMENT_TARGET = 17.2;
				MACOSX_DEPLOYMENT_TARGET = 14.2;
				MARKETING_VERSION = 1.0;
				PRODUCT_BUNDLE_IDENTIFIER = com.themcraft.MySmartDisplayUITests;
				PRODUCT_NAME = "$(TARGET_NAME)";
				SDKROOT = auto;
				SUPPORTED_PLATFORMS = "iphoneos iphonesimulator macosx";
				SWIFT_EMIT_LOC_STRINGS = NO;
				SWIFT_VERSION = 5.0;
				TARGETED_DEVICE_FAMILY = "1,2";
				TEST_TARGET_NAME = MySmartDisplay;
			};
			name = Debug;
		};
		4C7125602B8E111600617EB9 /* Release */ = {
			isa = XCBuildConfiguration;
			buildSettings = {
				ALWAYS_EMBED_SWIFT_STANDARD_LIBRARIES = YES;
				CODE_SIGN_STYLE = Automatic;
				CURRENT_PROJECT_VERSION = 1;
				DEVELOPMENT_TEAM = WC7VL6XTP2;
				GENERATE_INFOPLIST_FILE = YES;
				IPHONEOS_DEPLOYMENT_TARGET = 17.2;
				MACOSX_DEPLOYMENT_TARGET = 14.2;
				MARKETING_VERSION = 1.0;
				PRODUCT_BUNDLE_IDENTIFIER = com.themcraft.MySmartDisplayUITests;
				PRODUCT_NAME = "$(TARGET_NAME)";
				SDKROOT = auto;
				SUPPORTED_PLATFORMS = "iphoneos iphonesimulator macosx";
				SWIFT_EMIT_LOC_STRINGS = NO;
				SWIFT_VERSION = 5.0;
				TARGETED_DEVICE_FAMILY = "1,2";
				TEST_TARGET_NAME = MySmartDisplay;
			};
			name = Release;
		};
/* End XCBuildConfiguration section */

/* Begin XCConfigurationList section */
		4C71252E2B8E111500617EB9 /* Build configuration list for PBXProject "MySmartDisplay" */ = {
			isa = XCConfigurationList;
			buildConfigurations = (
				4C7125562B8E111600617EB9 /* Debug */,
				4C7125572B8E111600617EB9 /* Release */,
			);
			defaultConfigurationIsVisible = 0;
			defaultConfigurationName = Release;
		};
		4C7125582B8E111600617EB9 /* Build configuration list for PBXNativeTarget "MySmartDisplay" */ = {
			isa = XCConfigurationList;
			buildConfigurations = (
				4C7125592B8E111600617EB9 /* Debug */,
				4C71255A2B8E111600617EB9 /* Release */,
			);
			defaultConfigurationIsVisible = 0;
			defaultConfigurationName = Release;
		};
		4C71255B2B8E111600617EB9 /* Build configuration list for PBXNativeTarget "MySmartDisplayTests" */ = {
			isa = XCConfigurationList;
			buildConfigurations = (
				4C71255C2B8E111600617EB9 /* Debug */,
				4C71255D2B8E111600617EB9 /* Release */,
			);
			defaultConfigurationIsVisible = 0;
			defaultConfigurationName = Release;
		};
		4C71255E2B8E111600617EB9 /* Build configuration list for PBXNativeTarget "MySmartDisplayUITests" */ = {
			isa = XCConfigurationList;
			buildConfigurations = (
				4C71255F2B8E111600617EB9 /* Debug */,
				4C7125602B8E111600617EB9 /* Release */,
			);
			defaultConfigurationIsVisible = 0;
			defaultConfigurationName = Release;
		};
/* End XCConfigurationList section */
	};
	rootObject = 4C71252B2B8E111500617EB9 /* Project object */;
}
